
Microsoft Visual Studio Solution File, Format Version 12.00
# Visual Studio Version 16
VisualStudioVersion = 16.0.30204.135
MinimumVisualStudioVersion = 10.0.40219.1
Project("{FAE04EC0-301F-11D3-BF4B-00C04F79EFBC}") = "Modul3Zadanie0", "Modul3Zadanie0\Modul3Zadanie0.csproj", "{D10E9E5B-3DB3-4C13-A3DD-26DC91112D1F}"
EndProject
Project("{FAE04EC0-301F-11D3-BF4B-00C04F79EFBC}") = "Modul3Zadanie10", "Modul3Zadanie10\Modul3Zadanie10.csproj", "{36099F9E-D4DE-48F8-AAAB-9E56A765DB11}"
EndProject
Global
	GlobalSection(SolutionConfigurationPlatforms) = preSolution
		Debug|Any CPU = Debug|Any CPU
		Release|Any CPU = Release|Any CPU
	EndGlobalSection
	GlobalSection(ProjectConfigurationPlatforms) = postSolution
		{D10E9E5B-3DB3-4C13-A3DD-26DC91112D1F}.Debug|Any CPU.ActiveCfg = Debug|Any CPU
		{D10E9E5B-3DB3-4C13-A3DD-26DC91112D1F}.Debug|Any CPU.Build.0 = Debug|Any CPU
		{D10E9E5B-3DB3-4C13-A3DD-26DC91112D1F}.Release|Any CPU.ActiveCfg = Release|Any CPU
		{D10E9E5B-3DB3-4C13-A3DD-26DC91112D1F}.Release|Any CPU.Build.0 = Release|Any CPU
		{36099F9E-D4DE-48F8-AAAB-9E56A765DB11}.Debug|Any CPU.ActiveCfg = Debug|Any CPU
		{36099F9E-D4DE-48F8-AAAB-9E56A765DB11}.Debug|Any CPU.Build.0 = Debug|Any CPU
		{36099F9E-D4DE-48F8-AAAB-9E56A765DB11}.Release|Any CPU.ActiveCfg = Release|Any CPU
		{36099F9E-D4DE-48F8-AAAB-9E56A765DB11}.Release|Any CPU.Build.0 = Release|Any CPU
	EndGlobalSection
	GlobalSection(SolutionProperties) = preSolution
		HideSolutionNode = FALSE
	EndGlobalSection
	GlobalSection(ExtensibilityGlobals) = postSolution
		SolutionGuid = {CA39AD07-7A03-4B53-A3A2-907475E4F25E}
	EndGlobalSection
EndGlobal
